
Microsoft Visual Studio Solution File, Format Version 12.00
# Visual Studio Version 17
VisualStudioVersion = 17.7.34202.233
MinimumVisualStudioVersion = 10.0.40219.1
Project("{FAE04EC0-301F-11D3-BF4B-00C04F79EFBC}") = "MG2", "MG2.csproj", "{214E3797-90AB-4B02-9043-80331E3DAD5D}"
EndProject
Global
	GlobalSection(SolutionConfigurationPlatforms) = preSolution
		Debug|Any CPU = Debug|Any CPU
		Release|Any CPU = Release|Any CPU
	EndGlobalSection
	GlobalSection(ProjectConfigurationPlatforms) = postSolution
		{214E3797-90AB-4B02-9043-80331E3DAD5D}.Debug|Any CPU.ActiveCfg = Debug|Any CPU
		{214E3797-90AB-4B02-9043-80331E3DAD5D}.Debug|Any CPU.Build.0 = Debug|Any CPU
		{214E3797-90AB-4B02-9043-80331E3DAD5D}.Release|Any CPU.ActiveCfg = Release|Any CPU
		{214E3797-90AB-4B02-9043-80331E3DAD5D}.Release|Any CPU.Build.0 = Release|Any CPU
	EndGlobalSection
	GlobalSection(SolutionProperties) = preSolution
		HideSolutionNode = FALSE
	EndGlobalSection
	GlobalSection(ExtensibilityGlobals) = postSolution
		SolutionGuid = {A7C11016-14A8-4AF3-ACA9-481084273A99}
	EndGlobalSection
EndGlobal
